
Microsoft Visual Studio Solution File, Format Version 12.00
# Visual Studio Version 17
VisualStudioVersion = 17.6.33829.357
MinimumVisualStudioVersion = 10.0.40219.1
Project("{9A19103F-16F7-4668-BE54-9A1E7A4F7556}") = "BusinessObject", "BusinessObject\BusinessObject.csproj", "{327FCB82-FB04-407B-A17B-4226DB36931C}"
EndProject
Project("{9A19103F-16F7-4668-BE54-9A1E7A4F7556}") = "ShoppingClientApp", "ShoppingClientApp\ShoppingClientApp.csproj", "{245B524D-D5B8-4474-A306-160E63A0D68E}"
EndProject
Project("{FAE04EC0-301F-11D3-BF4B-00C04F79EFBC}") = "DataAccess", "DataAccess\DataAccess.csproj", "{A3D1040A-82E8-424A-898A-BF1EE506A60A}"
EndProject
Global
	GlobalSection(SolutionConfigurationPlatforms) = preSolution
		Debug|Any CPU = Debug|Any CPU
		Release|Any CPU = Release|Any CPU
	EndGlobalSection
	GlobalSection(ProjectConfigurationPlatforms) = postSolution
		{327FCB82-FB04-407B-A17B-4226DB36931C}.Debug|Any CPU.ActiveCfg = Debug|Any CPU
		{327FCB82-FB04-407B-A17B-4226DB36931C}.Debug|Any CPU.Build.0 = Debug|Any CPU
		{327FCB82-FB04-407B-A17B-4226DB36931C}.Release|Any CPU.ActiveCfg = Release|Any CPU
		{327FCB82-FB04-407B-A17B-4226DB36931C}.Release|Any CPU.Build.0 = Release|Any CPU
		{245B524D-D5B8-4474-A306-160E63A0D68E}.Debug|Any CPU.ActiveCfg = Debug|Any CPU
		{245B524D-D5B8-4474-A306-160E63A0D68E}.Debug|Any CPU.Build.0 = Debug|Any CPU
		{245B524D-D5B8-4474-A306-160E63A0D68E}.Release|Any CPU.ActiveCfg = Release|Any CPU
		{245B524D-D5B8-4474-A306-160E63A0D68E}.Release|Any CPU.Build.0 = Release|Any CPU
		{A3D1040A-82E8-424A-898A-BF1EE506A60A}.Debug|Any CPU.ActiveCfg = Debug|Any CPU
		{A3D1040A-82E8-424A-898A-BF1EE506A60A}.Debug|Any CPU.Build.0 = Debug|Any CPU
		{A3D1040A-82E8-424A-898A-BF1EE506A60A}.Release|Any CPU.ActiveCfg = Release|Any CPU
		{A3D1040A-82E8-424A-898A-BF1EE506A60A}.Release|Any CPU.Build.0 = Release|Any CPU
	EndGlobalSection
	GlobalSection(SolutionProperties) = preSolution
		HideSolutionNode = FALSE
	EndGlobalSection
	GlobalSection(ExtensibilityGlobals) = postSolution
		SolutionGuid = {81F2F4BC-F756-47CC-B94E-B898B88EC87C}
	EndGlobalSection
EndGlobal
