
Microsoft Visual Studio Solution File, Format Version 12.00
# Visual Studio Version 17
VisualStudioVersion = 17.0.32014.148
MinimumVisualStudioVersion = 10.0.40219.1
Project("{FAE04EC0-301F-11D3-BF4B-00C04F79EFBC}") = "IndexerApp", "IndexerApp.csproj", "{0402237F-1119-440B-8C08-D8DF3F5B57EC}"
EndProject
Global
	GlobalSection(SolutionConfigurationPlatforms) = preSolution
		Debug|Any CPU = Debug|Any CPU
		Release|Any CPU = Release|Any CPU
	EndGlobalSection
	GlobalSection(ProjectConfigurationPlatforms) = postSolution
		{0402237F-1119-440B-8C08-D8DF3F5B57EC}.Debug|Any CPU.ActiveCfg = Debug|Any CPU
		{0402237F-1119-440B-8C08-D8DF3F5B57EC}.Debug|Any CPU.Build.0 = Debug|Any CPU
		{0402237F-1119-440B-8C08-D8DF3F5B57EC}.Release|Any CPU.ActiveCfg = Release|Any CPU
		{0402237F-1119-440B-8C08-D8DF3F5B57EC}.Release|Any CPU.Build.0 = Release|Any CPU
	EndGlobalSection
	GlobalSection(SolutionProperties) = preSolution
		HideSolutionNode = FALSE
	EndGlobalSection
	GlobalSection(ExtensibilityGlobals) = postSolution
		SolutionGuid = {945DC941-E23B-4BB2-AD22-A85372015E51}
	EndGlobalSection
EndGlobal
